# This file is automatically @generated by Poetry 1.8.4 and should not be changed by hand.

[[package]]
name = "pynmea2"
version = "1.19.0"
description = "Python library for the NMEA 0183 protcol"
optional = false
python-versions = "*"
files = [
    {file = "pynmea2-1.19.0-py3-none-any.whl", hash = "sha256:5138558b4fb5daa587b2c17de99eb43df0297039de1c98010c996624abfb00eb"},
    {file = "pynmea2-1.19.0.tar.gz", hash = "sha256:1daa79b93279f887d1c235e5cc5c79e32644564138ce46989ab0f4a2fc970d7c"},
]

[[package]]
name = "pyserial"
version = "3.5"
description = "Python Serial Port Extension"
optional = false
python-versions = "*"
files = [
    {file = "pyserial-3.5-py2.py3-none-any.whl", hash = "sha256:c4451db6ba391ca6ca299fb3ec7bae67a5c55dde170964c7a14ceefec02f2cf0"},
    {file = "pyserial-3.5.tar.gz", hash = "sha256:3c77e014170dfffbd816e6ffc205e9842efb10be9f58ec16d3e8675b4925cddb"},
]

[package.extras]
cp2110 = ["hidapi"]

[metadata]
lock-version = "2.0"
python-versions = "^3.11"
content-hash = "4a8f53e62938442a864ced4da685a299638ca24f4cf2150b2664b3333106c946"
